
Microsoft Visual Studio Solution File, Format Version 12.00
# Visual Studio Version 17
VisualStudioVersion = 17.4.33122.133
MinimumVisualStudioVersion = 10.0.40219.1
Project("{9A19103F-16F7-4668-BE54-9A1E7A4F7556}") = "Ogress.Sourcebook.Server", "Ogress.Sourcebook\Ogress.Sourcebook.Server\Ogress.Sourcebook.Server.csproj", "{6529BD3D-E878-4D0A-ABB1-176AF309D6C3}"
EndProject
Project("{9A19103F-16F7-4668-BE54-9A1E7A4F7556}") = "Ogress.Sourcebook.Client", "Ogress.Sourcebook\Ogress.Sourcebook.Client\Ogress.Sourcebook.Client.csproj", "{673C66B6-9D62-498A-9AA6-C4CBA89E0E6C}"
EndProject
Project("{9A19103F-16F7-4668-BE54-9A1E7A4F7556}") = "Ogress.Sourcebook", "Ogress.Sourcebook\Ogress.Sourcebook\Ogress.Sourcebook.csproj", "{61BA0096-2C00-41B2-8FA0-4E94E1B804E8}"
EndProject
Project("{9A19103F-16F7-4668-BE54-9A1E7A4F7556}") = "Ogress.Sourcebook.Core", "Ogress.Sourcebook\Ogress.Sourcebook.Core\Ogress.Sourcebook.Core.csproj", "{6E9FD17F-9777-44A3-8985-C9577FF773E2}"
EndProject
Project("{FAE04EC0-301F-11D3-BF4B-00C04F79EFBC}") = "Ogress.Sourcebook.Api", "Ogress.Sourcebook\Ogress.Sourcebook.Api\Ogress.Sourcebook.Api.csproj", "{07627D5A-B588-43B1-86D3-6248E460EDC1}"
EndProject
Global
	GlobalSection(SolutionConfigurationPlatforms) = preSolution
		Debug|Any CPU = Debug|Any CPU
		Release|Any CPU = Release|Any CPU
	EndGlobalSection
	GlobalSection(ProjectConfigurationPlatforms) = postSolution
		{6529BD3D-E878-4D0A-ABB1-176AF309D6C3}.Debug|Any CPU.ActiveCfg = Debug|Any CPU
		{6529BD3D-E878-4D0A-ABB1-176AF309D6C3}.Debug|Any CPU.Build.0 = Debug|Any CPU
		{6529BD3D-E878-4D0A-ABB1-176AF309D6C3}.Release|Any CPU.ActiveCfg = Release|Any CPU
		{6529BD3D-E878-4D0A-ABB1-176AF309D6C3}.Release|Any CPU.Build.0 = Release|Any CPU
		{673C66B6-9D62-498A-9AA6-C4CBA89E0E6C}.Debug|Any CPU.ActiveCfg = Debug|Any CPU
		{673C66B6-9D62-498A-9AA6-C4CBA89E0E6C}.Debug|Any CPU.Build.0 = Debug|Any CPU
		{673C66B6-9D62-498A-9AA6-C4CBA89E0E6C}.Release|Any CPU.ActiveCfg = Release|Any CPU
		{673C66B6-9D62-498A-9AA6-C4CBA89E0E6C}.Release|Any CPU.Build.0 = Release|Any CPU
		{61BA0096-2C00-41B2-8FA0-4E94E1B804E8}.Debug|Any CPU.ActiveCfg = Debug|Any CPU
		{61BA0096-2C00-41B2-8FA0-4E94E1B804E8}.Debug|Any CPU.Build.0 = Debug|Any CPU
		{61BA0096-2C00-41B2-8FA0-4E94E1B804E8}.Release|Any CPU.ActiveCfg = Release|Any CPU
		{61BA0096-2C00-41B2-8FA0-4E94E1B804E8}.Release|Any CPU.Build.0 = Release|Any CPU
		{6E9FD17F-9777-44A3-8985-C9577FF773E2}.Debug|Any CPU.ActiveCfg = Debug|Any CPU
		{6E9FD17F-9777-44A3-8985-C9577FF773E2}.Debug|Any CPU.Build.0 = Debug|Any CPU
		{6E9FD17F-9777-44A3-8985-C9577FF773E2}.Release|Any CPU.ActiveCfg = Release|Any CPU
		{6E9FD17F-9777-44A3-8985-C9577FF773E2}.Release|Any CPU.Build.0 = Release|Any CPU
		{07627D5A-B588-43B1-86D3-6248E460EDC1}.Debug|Any CPU.ActiveCfg = Debug|Any CPU
		{07627D5A-B588-43B1-86D3-6248E460EDC1}.Debug|Any CPU.Build.0 = Debug|Any CPU
		{07627D5A-B588-43B1-86D3-6248E460EDC1}.Release|Any CPU.ActiveCfg = Release|Any CPU
		{07627D5A-B588-43B1-86D3-6248E460EDC1}.Release|Any CPU.Build.0 = Release|Any CPU
	EndGlobalSection
	GlobalSection(SolutionProperties) = preSolution
		HideSolutionNode = FALSE
	EndGlobalSection
	GlobalSection(ExtensibilityGlobals) = postSolution
		SolutionGuid = {4F811F97-0214-4090-95A9-179047A5E905}
	EndGlobalSection
EndGlobal
